// !$*UTF8*$!
{
	archiveVersion = 1;
	classes = {
	};
	objectVersion = 55;
	objects = {

/* Begin PBXBuildFile section */
		0F5BDF74290454C9007CF067 /* AppDelegate.swift in Sources */ = {isa = PBXBuildFile; fileRef = 0F5BDF73290454C9007CF067 /* AppDelegate.swift */; };
		0F5BDF7D290454CB007CF067 /* Assets.xcassets in Resources */ = {isa = PBXBuildFile; fileRef = 0F5BDF7C290454CB007CF067 /* Assets.xcassets */; };
		0F5BDF80290454CB007CF067 /* LaunchScreen.storyboard in Resources */ = {isa = PBXBuildFile; fileRef = 0F5BDF7E290454CB007CF067 /* LaunchScreen.storyboard */; };
		0F5ED6AB290B4A88000E0859 /* UIViewExt.swift in Sources */ = {isa = PBXBuildFile; fileRef = 0F5ED6AA290B4A88000E0859 /* UIViewExt.swift */; };
		0F5ED6AD290B4B79000E0859 /* GitRepositoryViewModel.swift in Sources */ = {isa = PBXBuildFile; fileRef = 0F5ED6AC290B4B79000E0859 /* GitRepositoryViewModel.swift */; };
		0F774982290B295600C3141F /* Reactive.swift in Sources */ = {isa = PBXBuildFile; fileRef = 0F774981290B295600C3141F /* Reactive.swift */; };
		0F774984290B297B00C3141F /* TopGitRepositoriesListViewModel.swift in Sources */ = {isa = PBXBuildFile; fileRef = 0F774983290B297B00C3141F /* TopGitRepositoriesListViewModel.swift */; };
		0F774986290B29B000C3141F /* ErrorExt.swift in Sources */ = {isa = PBXBuildFile; fileRef = 0F774985290B29B000C3141F /* ErrorExt.swift */; };
		0F774988290B2BB000C3141F /* TopGitRepositoriesListViewController.swift in Sources */ = {isa = PBXBuildFile; fileRef = 0F774987290B2BB000C3141F /* TopGitRepositoriesListViewController.swift */; };
		0F77498A290B2D1800C3141F /* TopGitRepositoriesListView.swift in Sources */ = {isa = PBXBuildFile; fileRef = 0F774989290B2D1800C3141F /* TopGitRepositoriesListView.swift */; };
		0F77498C290B2D6B00C3141F /* GitRepositoryListCell.swift in Sources */ = {isa = PBXBuildFile; fileRef = 0F77498B290B2D6B00C3141F /* GitRepositoryListCell.swift */; };
		0F9A96832909F8F0000F08FB /* URLSessionClient.swift in Sources */ = {isa = PBXBuildFile; fileRef = 0F9A96822909F8F0000F08FB /* URLSessionClient.swift */; };
		0F9A9685290AF8C1000F08FB /* TopGitRepositoryEndpoint.swift in Sources */ = {isa = PBXBuildFile; fileRef = 0F9A9684290AF8C1000F08FB /* TopGitRepositoryEndpoint.swift */; };
		0F9A9688290AF8EF000F08FB /* Routable.swift in Sources */ = {isa = PBXBuildFile; fileRef = 0F9A9687290AF8EF000F08FB /* Routable.swift */; };
		0F9A968A290AFA4B000F08FB /* TopGitRepositoryEndpointTest.swift in Sources */ = {isa = PBXBuildFile; fileRef = 0F9A9689290AFA4B000F08FB /* TopGitRepositoryEndpointTest.swift */; };
		0F9A9690290B0AAA000F08FB /* TopGitRepositoriesListViewModelTest.swift in Sources */ = {isa = PBXBuildFile; fileRef = 0F9A968F290B0AAA000F08FB /* TopGitRepositoriesListViewModelTest.swift */; };
		0FCD47262908545400BC8C30 /* GitRepositoryItem.swift in Sources */ = {isa = PBXBuildFile; fileRef = 0FCD47252908545400BC8C30 /* GitRepositoryItem.swift */; };
		0FCD473B2908763F00BC8C30 /* TopGitRepositoriesServiceTest.swift in Sources */ = {isa = PBXBuildFile; fileRef = 0FCD473A2908763F00BC8C30 /* TopGitRepositoriesServiceTest.swift */; };
		0FCD473F2909D16700BC8C30 /* TopGitRepositoryServiceProtocol.swift in Sources */ = {isa = PBXBuildFile; fileRef = 0FCD473E2909D16700BC8C30 /* TopGitRepositoryServiceProtocol.swift */; };
		0FCD47422909D93300BC8C30 /* TopGitRepositoryService.swift in Sources */ = {isa = PBXBuildFile; fileRef = 0FCD47412909D93300BC8C30 /* TopGitRepositoryService.swift */; };
		0FCD47442909D96400BC8C30 /* GitRepositoryItemMapper.swift in Sources */ = {isa = PBXBuildFile; fileRef = 0FCD47432909D96400BC8C30 /* GitRepositoryItemMapper.swift */; };
		0FCD47472909D99C00BC8C30 /* HttpClient.swift in Sources */ = {isa = PBXBuildFile; fileRef = 0FCD47462909D99C00BC8C30 /* HttpClient.swift */; };
		0FCD474A2909E1C200BC8C30 /* URLSessionClientTest.swift in Sources */ = {isa = PBXBuildFile; fileRef = 0FCD47492909E1C200BC8C30 /* URLSessionClientTest.swift */; };
/* End PBXBuildFile section */

/* Begin PBXContainerItemProxy section */
		0FCD47322908754100BC8C30 /* PBXContainerItemProxy */ = {
			isa = PBXContainerItemProxy;
			containerPortal = 0F5BDF68290454C9007CF067 /* Project object */;
			proxyType = 1;
			remoteGlobalIDString = 0F5BDF6F290454C9007CF067;
			remoteInfo = TopGitRepositories;
		};
/* End PBXContainerItemProxy section */

/* Begin PBXFileReference section */
		0F5BDF70290454C9007CF067 /* TopGitRepositories.app */ = {isa = PBXFileReference; explicitFileType = wrapper.application; includeInIndex = 0; path = TopGitRepositories.app; sourceTree = BUILT_PRODUCTS_DIR; };
		0F5BDF73290454C9007CF067 /* AppDelegate.swift */ = {isa = PBXFileReference; lastKnownFileType = sourcecode.swift; path = AppDelegate.swift; sourceTree = "<group>"; };
		0F5BDF7C290454CB007CF067 /* Assets.xcassets */ = {isa = PBXFileReference; lastKnownFileType = folder.assetcatalog; path = Assets.xcassets; sourceTree = "<group>"; };
		0F5BDF7F290454CB007CF067 /* Base */ = {isa = PBXFileReference; lastKnownFileType = file.storyboard; name = Base; path = Base.lproj/LaunchScreen.storyboard; sourceTree = "<group>"; };
		0F5BDF81290454CB007CF067 /* Info.plist */ = {isa = PBXFileReference; lastKnownFileType = text.plist.xml; path = Info.plist; sourceTree = "<group>"; };
		0F5ED6AA290B4A88000E0859 /* UIViewExt.swift */ = {isa = PBXFileReference; lastKnownFileType = sourcecode.swift; path = UIViewExt.swift; sourceTree = "<group>"; };
		0F5ED6AC290B4B79000E0859 /* GitRepositoryViewModel.swift */ = {isa = PBXFileReference; lastKnownFileType = sourcecode.swift; path = GitRepositoryViewModel.swift; sourceTree = "<group>"; };
		0F774981290B295600C3141F /* Reactive.swift */ = {isa = PBXFileReference; lastKnownFileType = sourcecode.swift; path = Reactive.swift; sourceTree = "<group>"; };
		0F774983290B297B00C3141F /* TopGitRepositoriesListViewModel.swift */ = {isa = PBXFileReference; lastKnownFileType = sourcecode.swift; path = TopGitRepositoriesListViewModel.swift; sourceTree = "<group>"; };
		0F774985290B29B000C3141F /* ErrorExt.swift */ = {isa = PBXFileReference; lastKnownFileType = sourcecode.swift; path = ErrorExt.swift; sourceTree = "<group>"; };
		0F774987290B2BB000C3141F /* TopGitRepositoriesListViewController.swift */ = {isa = PBXFileReference; lastKnownFileType = sourcecode.swift; path = TopGitRepositoriesListViewController.swift; sourceTree = "<group>"; };
		0F774989290B2D1800C3141F /* TopGitRepositoriesListView.swift */ = {isa = PBXFileReference; lastKnownFileType = sourcecode.swift; path = TopGitRepositoriesListView.swift; sourceTree = "<group>"; };
		0F77498B290B2D6B00C3141F /* GitRepositoryListCell.swift */ = {isa = PBXFileReference; lastKnownFileType = sourcecode.swift; path = GitRepositoryListCell.swift; sourceTree = "<group>"; };
		0F9A96822909F8F0000F08FB /* URLSessionClient.swift */ = {isa = PBXFileReference; lastKnownFileType = sourcecode.swift; path = URLSessionClient.swift; sourceTree = "<group>"; };
		0F9A9684290AF8C1000F08FB /* TopGitRepositoryEndpoint.swift */ = {isa = PBXFileReference; lastKnownFileType = sourcecode.swift; path = TopGitRepositoryEndpoint.swift; sourceTree = "<group>"; };
		0F9A9687290AF8EF000F08FB /* Routable.swift */ = {isa = PBXFileReference; lastKnownFileType = sourcecode.swift; path = Routable.swift; sourceTree = "<group>"; };
		0F9A9689290AFA4B000F08FB /* TopGitRepositoryEndpointTest.swift */ = {isa = PBXFileReference; lastKnownFileType = sourcecode.swift; path = TopGitRepositoryEndpointTest.swift; sourceTree = "<group>"; };
		0F9A968F290B0AAA000F08FB /* TopGitRepositoriesListViewModelTest.swift */ = {isa = PBXFileReference; lastKnownFileType = sourcecode.swift; path = TopGitRepositoriesListViewModelTest.swift; sourceTree = "<group>"; };
		0FCD47252908545400BC8C30 /* GitRepositoryItem.swift */ = {isa = PBXFileReference; lastKnownFileType = sourcecode.swift; path = GitRepositoryItem.swift; sourceTree = "<group>"; };
		0FCD472E2908754100BC8C30 /* TopGitRepositoriesUnitTests.xctest */ = {isa = PBXFileReference; explicitFileType = wrapper.cfbundle; includeInIndex = 0; path = TopGitRepositoriesUnitTests.xctest; sourceTree = BUILT_PRODUCTS_DIR; };
		0FCD473A2908763F00BC8C30 /* TopGitRepositoriesServiceTest.swift */ = {isa = PBXFileReference; lastKnownFileType = sourcecode.swift; path = TopGitRepositoriesServiceTest.swift; sourceTree = "<group>"; };
		0FCD473E2909D16700BC8C30 /* TopGitRepositoryServiceProtocol.swift */ = {isa = PBXFileReference; lastKnownFileType = sourcecode.swift; path = TopGitRepositoryServiceProtocol.swift; sourceTree = "<group>"; };
		0FCD47412909D93300BC8C30 /* TopGitRepositoryService.swift */ = {isa = PBXFileReference; lastKnownFileType = sourcecode.swift; path = TopGitRepositoryService.swift; sourceTree = "<group>"; };
		0FCD47432909D96400BC8C30 /* GitRepositoryItemMapper.swift */ = {isa = PBXFileReference; lastKnownFileType = sourcecode.swift; path = GitRepositoryItemMapper.swift; sourceTree = "<group>"; };
		0FCD47462909D99C00BC8C30 /* HttpClient.swift */ = {isa = PBXFileReference; lastKnownFileType = sourcecode.swift; path = HttpClient.swift; sourceTree = "<group>"; };
		0FCD47492909E1C200BC8C30 /* URLSessionClientTest.swift */ = {isa = PBXFileReference; lastKnownFileType = sourcecode.swift; path = URLSessionClientTest.swift; sourceTree = "<group>"; };
/* End PBXFileReference section */

/* Begin PBXFrameworksBuildPhase section */
		0F5BDF6D290454C9007CF067 /* Frameworks */ = {
			isa = PBXFrameworksBuildPhase;
			buildActionMask = 2147483647;
			files = (
			);
			runOnlyForDeploymentPostprocessing = 0;
		};
		0FCD472B2908754100BC8C30 /* Frameworks */ = {
			isa = PBXFrameworksBuildPhase;
			buildActionMask = 2147483647;
			files = (
			);
			runOnlyForDeploymentPostprocessing = 0;
		};
/* End PBXFrameworksBuildPhase section */

/* Begin PBXGroup section */
		0F5BDF67290454C9007CF067 = {
			isa = PBXGroup;
			children = (
				0F5BDF72290454C9007CF067 /* TopGitRepositories */,
				0FCD472F2908754100BC8C30 /* TopGitRepositoriesUnitTests */,
				0F5BDF71290454C9007CF067 /* Products */,
			);
			sourceTree = "<group>";
		};
		0F5BDF71290454C9007CF067 /* Products */ = {
			isa = PBXGroup;
			children = (
				0F5BDF70290454C9007CF067 /* TopGitRepositories.app */,
				0FCD472E2908754100BC8C30 /* TopGitRepositoriesUnitTests.xctest */,
			);
			name = Products;
			sourceTree = "<group>";
		};
		0F5BDF72290454C9007CF067 /* TopGitRepositories */ = {
			isa = PBXGroup;
			children = (
				0F8336B129083FCA00E4BB3E /* Infrastructure */,
				0F8336AD29083E9900E4BB3E /* App */,
				0F8336AF29083F7300E4BB3E /* Domain */,
				0F8336B029083FB600E4BB3E /* Data */,
				0F8336AE29083EA900E4BB3E /* Features */,
				0F5BDF7C290454CB007CF067 /* Assets.xcassets */,
				0F5BDF7E290454CB007CF067 /* LaunchScreen.storyboard */,
				0F5BDF81290454CB007CF067 /* Info.plist */,
				0F774981290B295600C3141F /* Reactive.swift */,
				0F774985290B29B000C3141F /* ErrorExt.swift */,
				0F5ED6AA290B4A88000E0859 /* UIViewExt.swift */,
			);
			path = TopGitRepositories;
			sourceTree = "<group>";
		};
		0F8336AD29083E9900E4BB3E /* App */ = {
			isa = PBXGroup;
			children = (
				0F5BDF73290454C9007CF067 /* AppDelegate.swift */,
			);
			path = App;
			sourceTree = "<group>";
		};
		0F8336AE29083EA900E4BB3E /* Features */ = {
			isa = PBXGroup;
			children = (
				0F9A968C290B0A17000F08FB /* TopGitRepositoriesList */,
			);
			path = Features;
			sourceTree = "<group>";
		};
		0F8336AF29083F7300E4BB3E /* Domain */ = {
			isa = PBXGroup;
			children = (
				0FCD473D2909D13200BC8C30 /* Interfaces */,
				0FCD473C2909D12100BC8C30 /* Entities */,
			);
			path = Domain;
			sourceTree = "<group>";
		};
		0F8336B029083FB600E4BB3E /* Data */ = {
			isa = PBXGroup;
			children = (
			);
			path = Data;
			sourceTree = "<group>";
		};
		0F8336B129083FCA00E4BB3E /* Infrastructure */ = {
			isa = PBXGroup;
			children = (
				0F9A9686290AF8E0000F08FB /* Endpoint */,
				0FCD47452909D97C00BC8C30 /* Client */,
				0FCD47402909D91E00BC8C30 /* Services */,
			);
			path = Infrastructure;
			sourceTree = "<group>";
		};
		0F9A9686290AF8E0000F08FB /* Endpoint */ = {
			isa = PBXGroup;
			children = (
				0F9A9687290AF8EF000F08FB /* Routable.swift */,
			);
			path = Endpoint;
			sourceTree = "<group>";
		};
		0F9A968B290AFBD2000F08FB /* Infrastructure */ = {
			isa = PBXGroup;
			children = (
				0FCD473A2908763F00BC8C30 /* TopGitRepositoriesServiceTest.swift */,
				0F9A9689290AFA4B000F08FB /* TopGitRepositoryEndpointTest.swift */,
				0FCD47492909E1C200BC8C30 /* URLSessionClientTest.swift */,
			);
			path = Infrastructure;
			sourceTree = "<group>";
		};
		0F9A968C290B0A17000F08FB /* TopGitRepositoriesList */ = {
			isa = PBXGroup;
			children = (
				0F774983290B297B00C3141F /* TopGitRepositoriesListViewModel.swift */,
				0F774987290B2BB000C3141F /* TopGitRepositoriesListViewController.swift */,
				0F774989290B2D1800C3141F /* TopGitRepositoriesListView.swift */,
				0F77498B290B2D6B00C3141F /* GitRepositoryListCell.swift */,
				0F5ED6AC290B4B79000E0859 /* GitRepositoryViewModel.swift */,
			);
			path = TopGitRepositoriesList;
			sourceTree = "<group>";
		};
		0F9A968D290B0A37000F08FB /* Features */ = {
			isa = PBXGroup;
			children = (
				0F9A968E290B0A83000F08FB /* TopGitRepositoriesList */,
			);
			path = Features;
			sourceTree = "<group>";
		};
		0F9A968E290B0A83000F08FB /* TopGitRepositoriesList */ = {
			isa = PBXGroup;
			children = (
				0F9A968F290B0AAA000F08FB /* TopGitRepositoriesListViewModelTest.swift */,
			);
			path = TopGitRepositoriesList;
			sourceTree = "<group>";
		};
		0FCD472F2908754100BC8C30 /* TopGitRepositoriesUnitTests */ = {
			isa = PBXGroup;
			children = (
				0F9A968D290B0A37000F08FB /* Features */,
				0F9A968B290AFBD2000F08FB /* Infrastructure */,
			);
			path = TopGitRepositoriesUnitTests;
			sourceTree = "<group>";
		};
		0FCD473C2909D12100BC8C30 /* Entities */ = {
			isa = PBXGroup;
			children = (
				0FCD47252908545400BC8C30 /* GitRepositoryItem.swift */,
			);
			path = Entities;
			sourceTree = "<group>";
		};
		0FCD473D2909D13200BC8C30 /* Interfaces */ = {
			isa = PBXGroup;
			children = (
				0FCD473E2909D16700BC8C30 /* TopGitRepositoryServiceProtocol.swift */,
			);
			path = Interfaces;
			sourceTree = "<group>";
		};
		0FCD47402909D91E00BC8C30 /* Services */ = {
			isa = PBXGroup;
			children = (
				0FCD47482909D9B400BC8C30 /* TopGitRepositoryService */,
			);
			path = Services;
			sourceTree = "<group>";
		};
		0FCD47452909D97C00BC8C30 /* Client */ = {
			isa = PBXGroup;
			children = (
				0FCD47462909D99C00BC8C30 /* HttpClient.swift */,
				0F9A96822909F8F0000F08FB /* URLSessionClient.swift */,
			);
			path = Client;
			sourceTree = "<group>";
		};
		0FCD47482909D9B400BC8C30 /* TopGitRepositoryService */ = {
			isa = PBXGroup;
			children = (
				0FCD47412909D93300BC8C30 /* TopGitRepositoryService.swift */,
				0FCD47432909D96400BC8C30 /* GitRepositoryItemMapper.swift */,
				0F9A9684290AF8C1000F08FB /* TopGitRepositoryEndpoint.swift */,
			);
			path = TopGitRepositoryService;
			sourceTree = "<group>";
		};
/* End PBXGroup section */

/* Begin PBXNativeTarget section */
		0F5BDF6F290454C9007CF067 /* TopGitRepositories */ = {
			isa = PBXNativeTarget;
			buildConfigurationList = 0F5BDF84290454CB007CF067 /* Build configuration list for PBXNativeTarget "TopGitRepositories" */;
			buildPhases = (
				0F5BDF6C290454C9007CF067 /* Sources */,
				0F5BDF6D290454C9007CF067 /* Frameworks */,
				0F5BDF6E290454C9007CF067 /* Resources */,
			);
			buildRules = (
			);
			dependencies = (
			);
			name = TopGitRepositories;
			productName = TopGitRepositories;
			productReference = 0F5BDF70290454C9007CF067 /* TopGitRepositories.app */;
			productType = "com.apple.product-type.application";
		};
		0FCD472D2908754100BC8C30 /* TopGitRepositoriesUnitTests */ = {
			isa = PBXNativeTarget;
			buildConfigurationList = 0FCD47342908754100BC8C30 /* Build configuration list for PBXNativeTarget "TopGitRepositoriesUnitTests" */;
			buildPhases = (
				0FCD472A2908754100BC8C30 /* Sources */,
				0FCD472B2908754100BC8C30 /* Frameworks */,
				0FCD472C2908754100BC8C30 /* Resources */,
			);
			buildRules = (
			);
			dependencies = (
				0FCD47332908754100BC8C30 /* PBXTargetDependency */,
			);
			name = TopGitRepositoriesUnitTests;
			productName = TopGitRepositoriesUnitTests;
			productReference = 0FCD472E2908754100BC8C30 /* TopGitRepositoriesUnitTests.xctest */;
			productType = "com.apple.product-type.bundle.unit-test";
		};
/* End PBXNativeTarget section */

/* Begin PBXProject section */
		0F5BDF68290454C9007CF067 /* Project object */ = {
			isa = PBXProject;
			attributes = {
				BuildIndependentTargetsInParallel = 1;
				LastSwiftUpdateCheck = 1340;
				LastUpgradeCheck = 1340;
				TargetAttributes = {
					0F5BDF6F290454C9007CF067 = {
						CreatedOnToolsVersion = 13.4.1;
					};
					0FCD472D2908754100BC8C30 = {
						CreatedOnToolsVersion = 13.4.1;
						LastSwiftMigration = 1340;
						TestTargetID = 0F5BDF6F290454C9007CF067;
					};
				};
			};
			buildConfigurationList = 0F5BDF6B290454C9007CF067 /* Build configuration list for PBXProject "TopGitRepositories" */;
			compatibilityVersion = "Xcode 13.0";
			developmentRegion = en;
			hasScannedForEncodings = 0;
			knownRegions = (
				en,
				Base,
			);
			mainGroup = 0F5BDF67290454C9007CF067;
			productRefGroup = 0F5BDF71290454C9007CF067 /* Products */;
			projectDirPath = "";
			projectRoot = "";
			targets = (
				0F5BDF6F290454C9007CF067 /* TopGitRepositories */,
				0FCD472D2908754100BC8C30 /* TopGitRepositoriesUnitTests */,
			);
		};
/* End PBXProject section */

/* Begin PBXResourcesBuildPhase section */
		0F5BDF6E290454C9007CF067 /* Resources */ = {
			isa = PBXResourcesBuildPhase;
			buildActionMask = 2147483647;
			files = (
				0F5BDF80290454CB007CF067 /* LaunchScreen.storyboard in Resources */,
				0F5BDF7D290454CB007CF067 /* Assets.xcassets in Resources */,
			);
			runOnlyForDeploymentPostprocessing = 0;
		};
		0FCD472C2908754100BC8C30 /* Resources */ = {
			isa = PBXResourcesBuildPhase;
			buildActionMask = 2147483647;
			files = (
			);
			runOnlyForDeploymentPostprocessing = 0;
		};
/* End PBXResourcesBuildPhase section */

/* Begin PBXSourcesBuildPhase section */
		0F5BDF6C290454C9007CF067 /* Sources */ = {
			isa = PBXSourcesBuildPhase;
			buildActionMask = 2147483647;
			files = (
				0F774988290B2BB000C3141F /* TopGitRepositoriesListViewController.swift in Sources */,
				0F5ED6AD290B4B79000E0859 /* GitRepositoryViewModel.swift in Sources */,
				0F774986290B29B000C3141F /* ErrorExt.swift in Sources */,
				0F774984290B297B00C3141F /* TopGitRepositoriesListViewModel.swift in Sources */,
				0FCD47422909D93300BC8C30 /* TopGitRepositoryService.swift in Sources */,
				0F5ED6AB290B4A88000E0859 /* UIViewExt.swift in Sources */,
				0F9A9685290AF8C1000F08FB /* TopGitRepositoryEndpoint.swift in Sources */,
				0FCD473F2909D16700BC8C30 /* TopGitRepositoryServiceProtocol.swift in Sources */,
				0F77498C290B2D6B00C3141F /* GitRepositoryListCell.swift in Sources */,
				0FCD47442909D96400BC8C30 /* GitRepositoryItemMapper.swift in Sources */,
				0F774982290B295600C3141F /* Reactive.swift in Sources */,
				0F77498A290B2D1800C3141F /* TopGitRepositoriesListView.swift in Sources */,
				0F5BDF74290454C9007CF067 /* AppDelegate.swift in Sources */,
				0F9A96832909F8F0000F08FB /* URLSessionClient.swift in Sources */,
				0FCD47472909D99C00BC8C30 /* HttpClient.swift in Sources */,
				0F9A9688290AF8EF000F08FB /* Routable.swift in Sources */,
				0FCD47262908545400BC8C30 /* GitRepositoryItem.swift in Sources */,
			);
			runOnlyForDeploymentPostprocessing = 0;
		};
		0FCD472A2908754100BC8C30 /* Sources */ = {
			isa = PBXSourcesBuildPhase;
			buildActionMask = 2147483647;
			files = (
				0FCD473B2908763F00BC8C30 /* TopGitRepositoriesServiceTest.swift in Sources */,
				0FCD474A2909E1C200BC8C30 /* URLSessionClientTest.swift in Sources */,
				0F9A968A290AFA4B000F08FB /* TopGitRepositoryEndpointTest.swift in Sources */,
				0F9A9690290B0AAA000F08FB /* TopGitRepositoriesListViewModelTest.swift in Sources */,
			);
			runOnlyForDeploymentPostprocessing = 0;
		};
/* End PBXSourcesBuildPhase section */

/* Begin PBXTargetDependency section */
		0FCD47332908754100BC8C30 /* PBXTargetDependency */ = {
			isa = PBXTargetDependency;
			target = 0F5BDF6F290454C9007CF067 /* TopGitRepositories */;
			targetProxy = 0FCD47322908754100BC8C30 /* PBXContainerItemProxy */;
		};
/* End PBXTargetDependency section */

/* Begin PBXVariantGroup section */
		0F5BDF7E290454CB007CF067 /* LaunchScreen.storyboard */ = {
			isa = PBXVariantGroup;
			children = (
				0F5BDF7F290454CB007CF067 /* Base */,
			);
			name = LaunchScreen.storyboard;
			sourceTree = "<group>";
		};
/* End PBXVariantGroup section */

/* Begin XCBuildConfiguration section */
		0F5BDF82290454CB007CF067 /* Debug */ = {
			isa = XCBuildConfiguration;
			buildSettings = {
				ALWAYS_SEARCH_USER_PATHS = NO;
				CLANG_ANALYZER_NONNULL = YES;
				CLANG_ANALYZER_NUMBER_OBJECT_CONVERSION = YES_AGGRESSIVE;
				CLANG_CXX_LANGUAGE_STANDARD = "gnu++17";
				CLANG_ENABLE_MODULES = YES;
				CLANG_ENABLE_OBJC_ARC = YES;
				CLANG_ENABLE_OBJC_WEAK = YES;
				CLANG_WARN_BLOCK_CAPTURE_AUTORELEASING = YES;
				CLANG_WARN_BOOL_CONVERSION = YES;
				CLANG_WARN_COMMA = YES;
				CLANG_WARN_CONSTANT_CONVERSION = YES;
				CLANG_WARN_DEPRECATED_OBJC_IMPLEMENTATIONS = YES;
				CLANG_WARN_DIRECT_OBJC_ISA_USAGE = YES_ERROR;
				CLANG_WARN_DOCUMENTATION_COMMENTS = YES;
				CLANG_WARN_EMPTY_BODY = YES;
				CLANG_WARN_ENUM_CONVERSION = YES;
				CLANG_WARN_INFINITE_RECURSION = YES;
				CLANG_WARN_INT_CONVERSION = YES;
				CLANG_WARN_NON_LITERAL_NULL_CONVERSION = YES;
				CLANG_WARN_OBJC_IMPLICIT_RETAIN_SELF = YES;
				CLANG_WARN_OBJC_LITERAL_CONVERSION = YES;
				CLANG_WARN_OBJC_ROOT_CLASS = YES_ERROR;
				CLANG_WARN_QUOTED_INCLUDE_IN_FRAMEWORK_HEADER = YES;
				CLANG_WARN_RANGE_LOOP_ANALYSIS = YES;
				CLANG_WARN_STRICT_PROTOTYPES = YES;
				CLANG_WARN_SUSPICIOUS_MOVE = YES;
				CLANG_WARN_UNGUARDED_AVAILABILITY = YES_AGGRESSIVE;
				CLANG_WARN_UNREACHABLE_CODE = YES;
				CLANG_WARN__DUPLICATE_METHOD_MATCH = YES;
				COPY_PHASE_STRIP = NO;
				DEBUG_INFORMATION_FORMAT = dwarf;
				ENABLE_STRICT_OBJC_MSGSEND = YES;
				ENABLE_TESTABILITY = YES;
				GCC_C_LANGUAGE_STANDARD = gnu11;
				GCC_DYNAMIC_NO_PIC = NO;
				GCC_NO_COMMON_BLOCKS = YES;
				GCC_OPTIMIZATION_LEVEL = 0;
				GCC_PREPROCESSOR_DEFINITIONS = (
					"DEBUG=1",
					"$(inherited)",
				);
				GCC_WARN_64_TO_32_BIT_CONVERSION = YES;
				GCC_WARN_ABOUT_RETURN_TYPE = YES_ERROR;
				GCC_WARN_UNDECLARED_SELECTOR = YES;
				GCC_WARN_UNINITIALIZED_AUTOS = YES_AGGRESSIVE;
				GCC_WARN_UNUSED_FUNCTION = YES;
				GCC_WARN_UNUSED_VARIABLE = YES;
				IPHONEOS_DEPLOYMENT_TARGET = 15.5;
				MTL_ENABLE_DEBUG_INFO = INCLUDE_SOURCE;
				MTL_FAST_MATH = YES;
				ONLY_ACTIVE_ARCH = YES;
				SDKROOT = iphoneos;
				SWIFT_ACTIVE_COMPILATION_CONDITIONS = DEBUG;
				SWIFT_OPTIMIZATION_LEVEL = "-Onone";
			};
			name = Debug;
		};
		0F5BDF83290454CB007CF067 /* Release */ = {
			isa = XCBuildConfiguration;
			buildSettings = {
				ALWAYS_SEARCH_USER_PATHS = NO;
				CLANG_ANALYZER_NONNULL = YES;
				CLANG_ANALYZER_NUMBER_OBJECT_CONVERSION = YES_AGGRESSIVE;
				CLANG_CXX_LANGUAGE_STANDARD = "gnu++17";
				CLANG_ENABLE_MODULES = YES;
				CLANG_ENABLE_OBJC_ARC = YES;
				CLANG_ENABLE_OBJC_WEAK = YES;
				CLANG_WARN_BLOCK_CAPTURE_AUTORELEASING = YES;
				CLANG_WARN_BOOL_CONVERSION = YES;
				CLANG_WARN_COMMA = YES;
				CLANG_WARN_CONSTANT_CONVERSION = YES;
				CLANG_WARN_DEPRECATED_OBJC_IMPLEMENTATIONS = YES;
				CLANG_WARN_DIRECT_OBJC_ISA_USAGE = YES_ERROR;
				CLANG_WARN_DOCUMENTATION_COMMENTS = YES;
				CLANG_WARN_EMPTY_BODY = YES;
				CLANG_WARN_ENUM_CONVERSION = YES;
				CLANG_WARN_INFINITE_RECURSION = YES;
				CLANG_WARN_INT_CONVERSION = YES;
				CLANG_WARN_NON_LITERAL_NULL_CONVERSION = YES;
				CLANG_WARN_OBJC_IMPLICIT_RETAIN_SELF = YES;
				CLANG_WARN_OBJC_LITERAL_CONVERSION = YES;
				CLANG_WARN_OBJC_ROOT_CLASS = YES_ERROR;
				CLANG_WARN_QUOTED_INCLUDE_IN_FRAMEWORK_HEADER = YES;
				CLANG_WARN_RANGE_LOOP_ANALYSIS = YES;
				CLANG_WARN_STRICT_PROTOTYPES = YES;
				CLANG_WARN_SUSPICIOUS_MOVE = YES;
				CLANG_WARN_UNGUARDED_AVAILABILITY = YES_AGGRESSIVE;
				CLANG_WARN_UNREACHABLE_CODE = YES;
				CLANG_WARN__DUPLICATE_METHOD_MATCH = YES;
				COPY_PHASE_STRIP = NO;
				DEBUG_INFORMATION_FORMAT = "dwarf-with-dsym";
				ENABLE_NS_ASSERTIONS = NO;
				ENABLE_STRICT_OBJC_MSGSEND = YES;
				GCC_C_LANGUAGE_STANDARD = gnu11;
				GCC_NO_COMMON_BLOCKS = YES;
				GCC_WARN_64_TO_32_BIT_CONVERSION = YES;
				GCC_WARN_ABOUT_RETURN_TYPE = YES_ERROR;
				GCC_WARN_UNDECLARED_SELECTOR = YES;
				GCC_WARN_UNINITIALIZED_AUTOS = YES_AGGRESSIVE;
				GCC_WARN_UNUSED_FUNCTION = YES;
				GCC_WARN_UNUSED_VARIABLE = YES;
				IPHONEOS_DEPLOYMENT_TARGET = 15.5;
				MTL_ENABLE_DEBUG_INFO = NO;
				MTL_FAST_MATH = YES;
				SDKROOT = iphoneos;
				SWIFT_COMPILATION_MODE = wholemodule;
				SWIFT_OPTIMIZATION_LEVEL = "-O";
				VALIDATE_PRODUCT = YES;
			};
			name = Release;
		};
		0F5BDF85290454CB007CF067 /* Debug */ = {
			isa = XCBuildConfiguration;
			buildSettings = {
				ASSETCATALOG_COMPILER_APPICON_NAME = AppIcon;
				ASSETCATALOG_COMPILER_GLOBAL_ACCENT_COLOR_NAME = AccentColor;
				CODE_SIGN_STYLE = Automatic;
				CURRENT_PROJECT_VERSION = 1;
				DEVELOPMENT_TEAM = X363N4R9JN;
				GENERATE_INFOPLIST_FILE = YES;
				INFOPLIST_FILE = TopGitRepositories/Info.plist;
				INFOPLIST_KEY_UIApplicationSupportsIndirectInputEvents = YES;
				INFOPLIST_KEY_UILaunchStoryboardName = LaunchScreen;
				INFOPLIST_KEY_UISupportedInterfaceOrientations_iPad = "UIInterfaceOrientationPortrait UIInterfaceOrientationPortraitUpsideDown UIInterfaceOrientationLandscapeLeft UIInterfaceOrientationLandscapeRight";
				INFOPLIST_KEY_UISupportedInterfaceOrientations_iPhone = "UIInterfaceOrientationPortrait UIInterfaceOrientationLandscapeLeft UIInterfaceOrientationLandscapeRight";
				IPHONEOS_DEPLOYMENT_TARGET = 13.0;
				LD_RUNPATH_SEARCH_PATHS = (
					"$(inherited)",
					"@executable_path/Frameworks",
				);
				MARKETING_VERSION = 1.0;
				PRODUCT_BUNDLE_IDENTIFIER = com.TopGitRepositories;
				PRODUCT_NAME = "$(TARGET_NAME)";
				SWIFT_EMIT_LOC_STRINGS = YES;
				SWIFT_VERSION = 5.0;
				TARGETED_DEVICE_FAMILY = 1;
			};
			name = Debug;
		};
		0F5BDF86290454CB007CF067 /* Release */ = {
			isa = XCBuildConfiguration;
			buildSettings = {
				ASSETCATALOG_COMPILER_APPICON_NAME = AppIcon;
				ASSETCATALOG_COMPILER_GLOBAL_ACCENT_COLOR_NAME = AccentColor;
				CODE_SIGN_STYLE = Automatic;
				CURRENT_PROJECT_VERSION = 1;
				DEVELOPMENT_TEAM = X363N4R9JN;
				GENERATE_INFOPLIST_FILE = YES;
				INFOPLIST_FILE = TopGitRepositories/Info.plist;
				INFOPLIST_KEY_UIApplicationSupportsIndirectInputEvents = YES;
				INFOPLIST_KEY_UILaunchStoryboardName = LaunchScreen;
				INFOPLIST_KEY_UISupportedInterfaceOrientations_iPad = "UIInterfaceOrientationPortrait UIInterfaceOrientationPortraitUpsideDown UIInterfaceOrientationLandscapeLeft UIInterfaceOrientationLandscapeRight";
				INFOPLIST_KEY_UISupportedInterfaceOrientations_iPhone = "UIInterfaceOrientationPortrait UIInterfaceOrientationLandscapeLeft UIInterfaceOrientationLandscapeRight";
				IPHONEOS_DEPLOYMENT_TARGET = 13.0;
				LD_RUNPATH_SEARCH_PATHS = (
					"$(inherited)",
					"@executable_path/Frameworks",
				);
				MARKETING_VERSION = 1.0;
				PRODUCT_BUNDLE_IDENTIFIER = com.TopGitRepositories;
				PRODUCT_NAME = "$(TARGET_NAME)";
				SWIFT_EMIT_LOC_STRINGS = YES;
				SWIFT_VERSION = 5.0;
				TARGETED_DEVICE_FAMILY = 1;
			};
			name = Release;
		};
		0FCD47352908754100BC8C30 /* Debug */ = {
			isa = XCBuildConfiguration;
			buildSettings = {
				BUNDLE_LOADER = "$(TEST_HOST)";
				CLANG_ENABLE_MODULES = YES;
				CODE_SIGN_STYLE = Automatic;
				CURRENT_PROJECT_VERSION = 1;
				DEVELOPMENT_TEAM = X363N4R9JN;
				GENERATE_INFOPLIST_FILE = YES;
				IPHONEOS_DEPLOYMENT_TARGET = 13.0;
				LD_RUNPATH_SEARCH_PATHS = (
					"$(inherited)",
					"@executable_path/Frameworks",
					"@loader_path/Frameworks",
				);
				MARKETING_VERSION = 1.0;
				PRODUCT_BUNDLE_IDENTIFIER = com.TopGitRepositoriesUnitTests;
				PRODUCT_NAME = "$(TARGET_NAME)";
				SWIFT_EMIT_LOC_STRINGS = NO;
				SWIFT_OPTIMIZATION_LEVEL = "-Onone";
				SWIFT_VERSION = 5.0;
				TARGETED_DEVICE_FAMILY = "1,2";
				TEST_HOST = "$(BUILT_PRODUCTS_DIR)/TopGitRepositories.app/TopGitRepositories";
			};
			name = Debug;
		};
		0FCD47362908754100BC8C30 /* Release */ = {
			isa = XCBuildConfiguration;
			buildSettings = {
				BUNDLE_LOADER = "$(TEST_HOST)";
				CLANG_ENABLE_MODULES = YES;
				CODE_SIGN_STYLE = Automatic;
				CURRENT_PROJECT_VERSION = 1;
				DEVELOPMENT_TEAM = X363N4R9JN;
				GENERATE_INFOPLIST_FILE = YES;
				IPHONEOS_DEPLOYMENT_TARGET = 13.0;
				LD_RUNPATH_SEARCH_PATHS = (
					"$(inherited)",
					"@executable_path/Frameworks",
					"@loader_path/Frameworks",
				);
				MARKETING_VERSION = 1.0;
				PRODUCT_BUNDLE_IDENTIFIER = com.TopGitRepositoriesUnitTests;
				PRODUCT_NAME = "$(TARGET_NAME)";
				SWIFT_EMIT_LOC_STRINGS = NO;
				SWIFT_VERSION = 5.0;
				TARGETED_DEVICE_FAMILY = "1,2";
				TEST_HOST = "$(BUILT_PRODUCTS_DIR)/TopGitRepositories.app/TopGitRepositories";
			};
			name = Release;
		};
/* End XCBuildConfiguration section */

/* Begin XCConfigurationList section */
		0F5BDF6B290454C9007CF067 /* Build configuration list for PBXProject "TopGitRepositories" */ = {
			isa = XCConfigurationList;
			buildConfigurations = (
				0F5BDF82290454CB007CF067 /* Debug */,
				0F5BDF83290454CB007CF067 /* Release */,
			);
			defaultConfigurationIsVisible = 0;
			defaultConfigurationName = Release;
		};
		0F5BDF84290454CB007CF067 /* Build configuration list for PBXNativeTarget "TopGitRepositories" */ = {
			isa = XCConfigurationList;
			buildConfigurations = (
				0F5BDF85290454CB007CF067 /* Debug */,
				0F5BDF86290454CB007CF067 /* Release */,
			);
			defaultConfigurationIsVisible = 0;
			defaultConfigurationName = Release;
		};
		0FCD47342908754100BC8C30 /* Build configuration list for PBXNativeTarget "TopGitRepositoriesUnitTests" */ = {
			isa = XCConfigurationList;
			buildConfigurations = (
				0FCD47352908754100BC8C30 /* Debug */,
				0FCD47362908754100BC8C30 /* Release */,
			);
			defaultConfigurationIsVisible = 0;
			defaultConfigurationName = Release;
		};
/* End XCConfigurationList section */
	};
	rootObject = 0F5BDF68290454C9007CF067 /* Project object */;
}
